
Microsoft Visual Studio Solution File, Format Version 12.00
# Visual Studio 15
VisualStudioVersion = 15.0.28010.2048
MinimumVisualStudioVersion = 10.0.40219.1
Project("{FAE04EC0-301F-11D3-BF4B-00C04F79EFBC}") = "ContosoUniversity", "ContosoUniversity\ContosoUniversity.csproj", "{496FD9F3-3BA0-40BE-8BD3-6FCFFC9D4F56}"
EndProject
Global
	GlobalSection(SolutionConfigurationPlatforms) = preSolution
		Debug|Any CPU = Debug|Any CPU
		Release|Any CPU = Release|Any CPU
	EndGlobalSection
	GlobalSection(ProjectConfigurationPlatforms) = postSolution
		{496FD9F3-3BA0-40BE-8BD3-6FCFFC9D4F56}.Debug|Any CPU.ActiveCfg = Debug|Any CPU
		{496FD9F3-3BA0-40BE-8BD3-6FCFFC9D4F56}.Debug|Any CPU.Build.0 = Debug|Any CPU
		{496FD9F3-3BA0-40BE-8BD3-6FCFFC9D4F56}.Release|Any CPU.ActiveCfg = Release|Any CPU
		{496FD9F3-3BA0-40BE-8BD3-6FCFFC9D4F56}.Release|Any CPU.Build.0 = Release|Any CPU
	EndGlobalSection
	GlobalSection(SolutionProperties) = preSolution
		HideSolutionNode = FALSE
	EndGlobalSection
	GlobalSection(ExtensibilityGlobals) = postSolution
		SolutionGuid = {EE4CA0B8-0503-4F16-830D-24707CB4E306}
	EndGlobalSection
EndGlobal
